// !$*UTF8*$!
{
	archiveVersion = 1;
	classes = {
	};
	objectVersion = 77;
	objects = {

/* Begin PBXContainerItemProxy section */
		D1215A1B2F1C5F6300E3A97F /* PBXContainerItemProxy */ = {
			isa = PBXContainerItemProxy;
			containerPortal = D1215A052F1C5F6200E3A97F /* Project object */;
			proxyType = 1;
			remoteGlobalIDString = D1215A0C2F1C5F6200E3A97F;
			remoteInfo = SortAnimation;
		};
		D1215A252F1C5F6300E3A97F /* PBXContainerItemProxy */ = {
			isa = PBXContainerItemProxy;
			containerPortal = D1215A052F1C5F6200E3A97F /* Project object */;
			proxyType = 1;
			remoteGlobalIDString = D1215A0C2F1C5F6200E3A97F;
			remoteInfo = SortAnimation;
		};
/* End PBXContainerItemProxy section */

/* Begin PBXFileReference section */
		D1215A0D2F1C5F6200E3A97F /* SortAnimation.app */ = {isa = PBXFileReference; explicitFileType = wrapper.application; includeInIndex = 0; name = SortAnimation.app; path = "Sort Visualizer.app"; sourceTree = BUILT_PRODUCTS_DIR; };
		D1215A1A2F1C5F6300E3A97F /* SortAnimationTests.xctest */ = {isa = PBXFileReference; explicitFileType = wrapper.cfbundle; includeInIndex = 0; path = SortAnimationTests.xctest; sourceTree = BUILT_PRODUCTS_DIR; };
		D1215A242F1C5F6300E3A97F /* SortAnimationUITests.xctest */ = {isa = PBXFileReference; explicitFileType = wrapper.cfbundle; includeInIndex = 0; path = SortAnimationUITests.xctest; sourceTree = BUILT_PRODUCTS_DIR; };
/* End PBXFileReference section */

/* Begin PBXFileSystemSynchronizedRootGroup section */
		D1215A0F2F1C5F6200E3A97F /* SortAnimation */ = {
			isa = PBXFileSystemSynchronizedRootGroup;
			path = SortAnimation;
			sourceTree = "<group>";
		};
		D1215A1D2F1C5F6300E3A97F /* SortAnimationTests */ = {
			isa = PBXFileSystemSynchronizedRootGroup;
			path = SortAnimationTests;
			sourceTree = "<group>";
		};
		D1215A272F1C5F6300E3A97F /* SortAnimationUITests */ = {
			isa = PBXFileSystemSynchronizedRootGroup;
			path = SortAnimationUITests;
			sourceTree = "<group>";
		};
/* End PBXFileSystemSynchronizedRootGroup section */

/* Begin PBXFrameworksBuildPhase section */
		D1215A0A2F1C5F6200E3A97F /* Frameworks */ = {
			isa = PBXFrameworksBuildPhase;
			buildActionMask = 2147483647;
			files = (
			);
			runOnlyForDeploymentPostprocessing = 0;
		};
		D1215A172F1C5F6300E3A97F /* Frameworks */ = {
			isa = PBXFrameworksBuildPhase;
			buildActionMask = 2147483647;
			files = (
			);
			runOnlyForDeploymentPostprocessing = 0;
		};
		D1215A212F1C5F6300E3A97F /* Frameworks */ = {
			isa = PBXFrameworksBuildPhase;
			buildActionMask = 2147483647;
			files = (
			);
			runOnlyForDeploymentPostprocessing = 0;
		};
/* End PBXFrameworksBuildPhase section */

/* Begin PBXGroup section */
		D1215A042F1C5F6200E3A97F = {
			isa = PBXGroup;
			children = (
				D1215A0F2F1C5F6200E3A97F /* SortAnimation */,
				D1215A1D2F1C5F6300E3A97F /* SortAnimationTests */,
				D1215A272F1C5F6300E3A97F /* SortAnimationUITests */,
				D1215A0E2F1C5F6200E3A97F /* Products */,
			);
			sourceTree = "<group>";
		};
		D1215A0E2F1C5F6200E3A97F /* Products */ = {
			isa = PBXGroup;
			children = (
				D1215A0D2F1C5F6200E3A97F /* SortAnimation.app */,
				D1215A1A2F1C5F6300E3A97F /* SortAnimationTests.xctest */,
				D1215A242F1C5F6300E3A97F /* SortAnimationUITests.xctest */,
			);
			name = Products;
			sourceTree = "<group>";
		};
/* End PBXGroup section */

/* Begin PBXNativeTarget section */
		D1215A0C2F1C5F6200E3A97F /* SortAnimation */ = {
			isa = PBXNativeTarget;
			buildConfigurationList = D1215A2E2F1C5F6300E3A97F /* Build configuration list for PBXNativeTarget "SortAnimation" */;
			buildPhases = (
				D1215A092F1C5F6200E3A97F /* Sources */,
				D1215A0A2F1C5F6200E3A97F /* Frameworks */,
				D1215A0B2F1C5F6200E3A97F /* Resources */,
			);
			buildRules = (
			);
			dependencies = (
			);
			fileSystemSynchronizedGroups = (
				D1215A0F2F1C5F6200E3A97F /* SortAnimation */,
			);
			name = SortAnimation;
			packageProductDependencies = (
			);
			productName = SortAnimation;
			productReference = D1215A0D2F1C5F6200E3A97F /* SortAnimation.app */;
			productType = "com.apple.product-type.application";
		};
		D1215A192F1C5F6300E3A97F /* SortAnimationTests */ = {
			isa = PBXNativeTarget;
			buildConfigurationList = D1215A312F1C5F6300E3A97F /* Build configuration list for PBXNativeTarget "SortAnimationTests" */;
			buildPhases = (
				D1215A162F1C5F6300E3A97F /* Sources */,
				D1215A172F1C5F6300E3A97F /* Frameworks */,
				D1215A182F1C5F6300E3A97F /* Resources */,
			);
			buildRules = (
			);
			dependencies = (
				D1215A1C2F1C5F6300E3A97F /* PBXTargetDependency */,
			);
			fileSystemSynchronizedGroups = (
				D1215A1D2F1C5F6300E3A97F /* SortAnimationTests */,
			);
			name = SortAnimationTests;
			packageProductDependencies = (
			);
			productName = SortAnimationTests;
			productReference = D1215A1A2F1C5F6300E3A97F /* SortAnimationTests.xctest */;
			productType = "com.apple.product-type.bundle.unit-test";
		};
		D1215A232F1C5F6300E3A97F /* SortAnimationUITests */ = {
			isa = PBXNativeTarget;
			buildConfigurationList = D1215A342F1C5F6300E3A97F /* Build configuration list for PBXNativeTarget "SortAnimationUITests" */;
			buildPhases = (
				D1215A202F1C5F6300E3A97F /* Sources */,
				D1215A212F1C5F6300E3A97F /* Frameworks */,
				D1215A222F1C5F6300E3A97F /* Resources */,
			);
			buildRules = (
			);
			dependencies = (
				D1215A262F1C5F6300E3A97F /* PBXTargetDependency */,
			);
			fileSystemSynchronizedGroups = (
				D1215A272F1C5F6300E3A97F /* SortAnimationUITests */,
			);
			name = SortAnimationUITests;
			packageProductDependencies = (
			);
			productName = SortAnimationUITests;
			productReference = D1215A242F1C5F6300E3A97F /* SortAnimationUITests.xctest */;
			productType = "com.apple.product-type.bundle.ui-testing";
		};
/* End PBXNativeTarget section */

/* Begin PBXProject section */
		D1215A052F1C5F6200E3A97F /* Project object */ = {
			isa = PBXProject;
			attributes = {
				BuildIndependentTargetsInParallel = 1;
				LastSwiftUpdateCheck = 2620;
				LastUpgradeCheck = 2620;
				TargetAttributes = {
					D1215A0C2F1C5F6200E3A97F = {
						CreatedOnToolsVersion = 26.2;
					};
					D1215A192F1C5F6300E3A97F = {
						CreatedOnToolsVersion = 26.2;
						TestTargetID = D1215A0C2F1C5F6200E3A97F;
					};
					D1215A232F1C5F6300E3A97F = {
						CreatedOnToolsVersion = 26.2;
						TestTargetID = D1215A0C2F1C5F6200E3A97F;
					};
				};
			};
			buildConfigurationList = D1215A082F1C5F6200E3A97F /* Build configuration list for PBXProject "SortAnimation" */;
			developmentRegion = en;
			hasScannedForEncodings = 0;
			knownRegions = (
				en,
				Base,
			);
			mainGroup = D1215A042F1C5F6200E3A97F;
			minimizedProjectReferenceProxies = 1;
			preferredProjectObjectVersion = 77;
			productRefGroup = D1215A0E2F1C5F6200E3A97F /* Products */;
			projectDirPath = "";
			projectRoot = "";
			targets = (
				D1215A0C2F1C5F6200E3A97F /* SortAnimation */,
				D1215A192F1C5F6300E3A97F /* SortAnimationTests */,
				D1215A232F1C5F6300E3A97F /* SortAnimationUITests */,
			);
		};
/* End PBXProject section */

/* Begin PBXResourcesBuildPhase section */
		D1215A0B2F1C5F6200E3A97F /* Resources */ = {
			isa = PBXResourcesBuildPhase;
			buildActionMask = 2147483647;
			files = (
			);
			runOnlyForDeploymentPostprocessing = 0;
		};
		D1215A182F1C5F6300E3A97F /* Resources */ = {
			isa = PBXResourcesBuildPhase;
			buildActionMask = 2147483647;
			files = (
			);
			runOnlyForDeploymentPostprocessing = 0;
		};
		D1215A222F1C5F6300E3A97F /* Resources */ = {
			isa = PBXResourcesBuildPhase;
			buildActionMask = 2147483647;
			files = (
			);
			runOnlyForDeploymentPostprocessing = 0;
		};
/* End PBXResourcesBuildPhase section */

/* Begin PBXSourcesBuildPhase section */
		D1215A092F1C5F6200E3A97F /* Sources */ = {
			isa = PBXSourcesBuildPhase;
			buildActionMask = 2147483647;
			files = (
			);
			runOnlyForDeploymentPostprocessing = 0;
		};
		D1215A162F1C5F6300E3A97F /* Sources */ = {
			isa = PBXSourcesBuildPhase;
			buildActionMask = 2147483647;
			files = (
			);
			runOnlyForDeploymentPostprocessing = 0;
		};
		D1215A202F1C5F6300E3A97F /* Sources */ = {
			isa = PBXSourcesBuildPhase;
			buildActionMask = 2147483647;
			files = (
			);
			runOnlyForDeploymentPostprocessing = 0;
		};
/* End PBXSourcesBuildPhase section */

/* Begin PBXTargetDependency section */
		D1215A1C2F1C5F6300E3A97F /* PBXTargetDependency */ = {
			isa = PBXTargetDependency;
			target = D1215A0C2F1C5F6200E3A97F /* SortAnimation */;
			targetProxy = D1215A1B2F1C5F6300E3A97F /* PBXContainerItemProxy */;
		};
		D1215A262F1C5F6300E3A97F /* PBXTargetDependency */ = {
			isa = PBXTargetDependency;
			target = D1215A0C2F1C5F6200E3A97F /* SortAnimation */;
			targetProxy = D1215A252F1C5F6300E3A97F /* PBXContainerItemProxy */;
		};
/* End PBXTargetDependency section */

/* Begin XCBuildConfiguration section */
		D1215A2C2F1C5F6300E3A97F /* Debug */ = {
			isa = XCBuildConfiguration;
			buildSettings = {
				ALWAYS_SEARCH_USER_PATHS = NO;
				ASSETCATALOG_COMPILER_GENERATE_SWIFT_ASSET_SYMBOL_EXTENSIONS = YES;
				CLANG_ANALYZER_NONNULL = YES;
				CLANG_ANALYZER_NUMBER_OBJECT_CONVERSION = YES_AGGRESSIVE;
				CLANG_CXX_LANGUAGE_STANDARD = "gnu++20";
				CLANG_ENABLE_MODULES = YES;
				CLANG_ENABLE_OBJC_ARC = YES;
				CLANG_ENABLE_OBJC_WEAK = YES;
				CLANG_WARN_BLOCK_CAPTURE_AUTORELEASING = YES;
				CLANG_WARN_BOOL_CONVERSION = YES;
				CLANG_WARN_COMMA = YES;
				CLANG_WARN_CONSTANT_CONVERSION = YES;
				CLANG_WARN_DEPRECATED_OBJC_IMPLEMENTATIONS = YES;
				CLANG_WARN_DIRECT_OBJC_ISA_USAGE = YES_ERROR;
				CLANG_WARN_DOCUMENTATION_COMMENTS = YES;
				CLANG_WARN_EMPTY_BODY = YES;
				CLANG_WARN_ENUM_CONVERSION = YES;
				CLANG_WARN_INFINITE_RECURSION = YES;
				CLANG_WARN_INT_CONVERSION = YES;
				CLANG_WARN_NON_LITERAL_NULL_CONVERSION = YES;
				CLANG_WARN_OBJC_IMPLICIT_RETAIN_SELF = YES;
				CLANG_WARN_OBJC_LITERAL_CONVERSION = YES;
				CLANG_WARN_OBJC_ROOT_CLASS = YES_ERROR;
				CLANG_WARN_QUOTED_INCLUDE_IN_FRAMEWORK_HEADER = YES;
				CLANG_WARN_RANGE_LOOP_ANALYSIS = YES;
				CLANG_WARN_STRICT_PROTOTYPES = YES;
				CLANG_WARN_SUSPICIOUS_MOVE = YES;
				CLANG_WARN_UNGUARDED_AVAILABILITY = YES_AGGRESSIVE;
				CLANG_WARN_UNREACHABLE_CODE = YES;
				CLANG_WARN__DUPLICATE_METHOD_MATCH = YES;
				COPY_PHASE_STRIP = NO;
				DEBUG_INFORMATION_FORMAT = dwarf;
				DEVELOPMENT_TEAM = X869YCKBY8;
				ENABLE_STRICT_OBJC_MSGSEND = YES;
				ENABLE_TESTABILITY = YES;
				ENABLE_USER_SCRIPT_SANDBOXING = YES;
				GCC_C_LANGUAGE_STANDARD = gnu17;
				GCC_DYNAMIC_NO_PIC = NO;
				GCC_NO_COMMON_BLOCKS = YES;
				GCC_OPTIMIZATION_LEVEL = 0;
				GCC_PREPROCESSOR_DEFINITIONS = (
					"DEBUG=1",
					"$(inherited)",
				);
				GCC_WARN_64_TO_32_BIT_CONVERSION = YES;
				GCC_WARN_ABOUT_RETURN_TYPE = YES_ERROR;
				GCC_WARN_UNDECLARED_SELECTOR = YES;
				GCC_WARN_UNINITIALIZED_AUTOS = YES_AGGRESSIVE;
				GCC_WARN_UNUSED_FUNCTION = YES;
				GCC_WARN_UNUSED_VARIABLE = YES;
				LOCALIZATION_PREFERS_STRING_CATALOGS = YES;
				MACOSX_DEPLOYMENT_TARGET = 26.1;
				MTL_ENABLE_DEBUG_INFO = INCLUDE_SOURCE;
				MTL_FAST_MATH = YES;
				ONLY_ACTIVE_ARCH = YES;
				SDKROOT = macosx;
				SWIFT_ACTIVE_COMPILATION_CONDITIONS = "DEBUG $(inherited)";
				SWIFT_OPTIMIZATION_LEVEL = "-Onone";
			};
			name = Debug;
		};
		D1215A2D2F1C5F6300E3A97F /* Release */ = {
			isa = XCBuildConfiguration;
			buildSettings = {
				ALWAYS_SEARCH_USER_PATHS = NO;
				ASSETCATALOG_COMPILER_GENERATE_SWIFT_ASSET_SYMBOL_EXTENSIONS = YES;
				CLANG_ANALYZER_NONNULL = YES;
				CLANG_ANALYZER_NUMBER_OBJECT_CONVERSION = YES_AGGRESSIVE;
				CLANG_CXX_LANGUAGE_STANDARD = "gnu++20";
				CLANG_ENABLE_MODULES = YES;
				CLANG_ENABLE_OBJC_ARC = YES;
				CLANG_ENABLE_OBJC_WEAK = YES;
				CLANG_WARN_BLOCK_CAPTURE_AUTORELEASING = YES;
				CLANG_WARN_BOOL_CONVERSION = YES;
				CLANG_WARN_COMMA = YES;
				CLANG_WARN_CONSTANT_CONVERSION = YES;
				CLANG_WARN_DEPRECATED_OBJC_IMPLEMENTATIONS = YES;
				CLANG_WARN_DIRECT_OBJC_ISA_USAGE = YES_ERROR;
				CLANG_WARN_DOCUMENTATION_COMMENTS = YES;
				CLANG_WARN_EMPTY_BODY = YES;
				CLANG_WARN_ENUM_CONVERSION = YES;
				CLANG_WARN_INFINITE_RECURSION = YES;
				CLANG_WARN_INT_CONVERSION = YES;
				CLANG_WARN_NON_LITERAL_NULL_CONVERSION = YES;
				CLANG_WARN_OBJC_IMPLICIT_RETAIN_SELF = YES;
				CLANG_WARN_OBJC_LITERAL_CONVERSION = YES;
				CLANG_WARN_OBJC_ROOT_CLASS = YES_ERROR;
				CLANG_WARN_QUOTED_INCLUDE_IN_FRAMEWORK_HEADER = YES;
				CLANG_WARN_RANGE_LOOP_ANALYSIS = YES;
				CLANG_WARN_STRICT_PROTOTYPES = YES;
				CLANG_WARN_SUSPICIOUS_MOVE = YES;
				CLANG_WARN_UNGUARDED_AVAILABILITY = YES_AGGRESSIVE;
				CLANG_WARN_UNREACHABLE_CODE = YES;
				CLANG_WARN__DUPLICATE_METHOD_MATCH = YES;
				COPY_PHASE_STRIP = NO;
				DEBUG_INFORMATION_FORMAT = "dwarf-with-dsym";
				DEVELOPMENT_TEAM = X869YCKBY8;
				ENABLE_NS_ASSERTIONS = NO;
				ENABLE_STRICT_OBJC_MSGSEND = YES;
				ENABLE_USER_SCRIPT_SANDBOXING = YES;
				GCC_C_LANGUAGE_STANDARD = gnu17;
				GCC_NO_COMMON_BLOCKS = YES;
				GCC_WARN_64_TO_32_BIT_CONVERSION = YES;
				GCC_WARN_ABOUT_RETURN_TYPE = YES_ERROR;
				GCC_WARN_UNDECLARED_SELECTOR = YES;
				GCC_WARN_UNINITIALIZED_AUTOS = YES_AGGRESSIVE;
				GCC_WARN_UNUSED_FUNCTION = YES;
				GCC_WARN_UNUSED_VARIABLE = YES;
				LOCALIZATION_PREFERS_STRING_CATALOGS = YES;
				MACOSX_DEPLOYMENT_TARGET = 26.1;
				MTL_ENABLE_DEBUG_INFO = NO;
				MTL_FAST_MATH = YES;
				SDKROOT = macosx;
				SWIFT_COMPILATION_MODE = wholemodule;
			};
			name = Release;
		};
		D1215A2F2F1C5F6300E3A97F /* Debug */ = {
			isa = XCBuildConfiguration;
			buildSettings = {
				ASSETCATALOG_COMPILER_APPICON_NAME = AppIcon;
				ASSETCATALOG_COMPILER_GLOBAL_ACCENT_COLOR_NAME = AccentColor;
				CODE_SIGN_STYLE = Automatic;
				COMBINE_HIDPI_IMAGES = YES;
				CURRENT_PROJECT_VERSION = 1;
				DEVELOPMENT_TEAM = X869YCKBY8;
				ENABLE_APP_SANDBOX = YES;
				ENABLE_HARDENED_RUNTIME = YES;
				ENABLE_PREVIEWS = YES;
				ENABLE_USER_SELECTED_FILES = readonly;
				GENERATE_INFOPLIST_FILE = YES;
				INFOPLIST_KEY_CFBundleDisplayName = "Sort Visualizer";
				INFOPLIST_KEY_NSHumanReadableCopyright = "";
				LD_RUNPATH_SEARCH_PATHS = (
					"$(inherited)",
					"@executable_path/../Frameworks",
				);
				MARKETING_VERSION = 1.0;
				PRODUCT_BUNDLE_DISPLAY_NAME = "Sort Visualizer";
				PRODUCT_BUNDLE_IDENTIFIER = "com.alec-saunders.SortAnimation";
				PRODUCT_MODULE_NAME = SortAnimation;
				PRODUCT_NAME = "Sort Visualizer";
				REGISTER_APP_GROUPS = YES;
				STRING_CATALOG_GENERATE_SYMBOLS = YES;
				SWIFT_APPROACHABLE_CONCURRENCY = YES;
				SWIFT_DEFAULT_ACTOR_ISOLATION = MainActor;
				SWIFT_EMIT_LOC_STRINGS = YES;
				SWIFT_UPCOMING_FEATURE_MEMBER_IMPORT_VISIBILITY = YES;
				SWIFT_VERSION = 5.0;
			};
			name = Debug;
		};
		D1215A302F1C5F6300E3A97F /* Release */ = {
			isa = XCBuildConfiguration;
			buildSettings = {
				ASSETCATALOG_COMPILER_APPICON_NAME = AppIcon;
				ASSETCATALOG_COMPILER_GLOBAL_ACCENT_COLOR_NAME = AccentColor;
				CODE_SIGN_STYLE = Automatic;
				COMBINE_HIDPI_IMAGES = YES;
				CURRENT_PROJECT_VERSION = 1;
				DEVELOPMENT_TEAM = X869YCKBY8;
				ENABLE_APP_SANDBOX = YES;
				ENABLE_HARDENED_RUNTIME = YES;
				ENABLE_PREVIEWS = YES;
				ENABLE_USER_SELECTED_FILES = readonly;
				GENERATE_INFOPLIST_FILE = YES;
				INFOPLIST_KEY_CFBundleDisplayName = "Sort Visualizer";
				INFOPLIST_KEY_NSHumanReadableCopyright = "";
				LD_RUNPATH_SEARCH_PATHS = (
					"$(inherited)",
					"@executable_path/../Frameworks",
				);
				MARKETING_VERSION = 1.0;
				PRODUCT_BUNDLE_DISPLAY_NAME = "Sort Visualizer";
				PRODUCT_BUNDLE_IDENTIFIER = "com.alec-saunders.SortAnimation";
				PRODUCT_MODULE_NAME = SortAnimation;
				PRODUCT_NAME = "Sort Visualizer";
				REGISTER_APP_GROUPS = YES;
				STRING_CATALOG_GENERATE_SYMBOLS = YES;
				SWIFT_APPROACHABLE_CONCURRENCY = YES;
				SWIFT_DEFAULT_ACTOR_ISOLATION = MainActor;
				SWIFT_EMIT_LOC_STRINGS = YES;
				SWIFT_UPCOMING_FEATURE_MEMBER_IMPORT_VISIBILITY = YES;
				SWIFT_VERSION = 5.0;
			};
			name = Release;
		};
		D1215A322F1C5F6300E3A97F /* Debug */ = {
			isa = XCBuildConfiguration;
			buildSettings = {
				BUNDLE_LOADER = "$(TEST_HOST)";
				CODE_SIGN_STYLE = Automatic;
				CURRENT_PROJECT_VERSION = 1;
				DEVELOPMENT_TEAM = X869YCKBY8;
				GENERATE_INFOPLIST_FILE = YES;
				MACOSX_DEPLOYMENT_TARGET = 26.1;
				MARKETING_VERSION = 1.0;
				PRODUCT_BUNDLE_IDENTIFIER = "com.alec-saunders.SortAnimationTests";
				PRODUCT_NAME = "$(TARGET_NAME)";
				STRING_CATALOG_GENERATE_SYMBOLS = NO;
				SWIFT_APPROACHABLE_CONCURRENCY = YES;
				SWIFT_EMIT_LOC_STRINGS = NO;
				SWIFT_UPCOMING_FEATURE_MEMBER_IMPORT_VISIBILITY = YES;
				SWIFT_VERSION = 5.0;
				TEST_HOST = "$(BUILT_PRODUCTS_DIR)/Sort Visualizer.app/$(BUNDLE_EXECUTABLE_FOLDER_PATH)/Sort Visualizer";
			};
			name = Debug;
		};
		D1215A332F1C5F6300E3A97F /* Release */ = {
			isa = XCBuildConfiguration;
			buildSettings = {
				BUNDLE_LOADER = "$(TEST_HOST)";
				CODE_SIGN_STYLE = Automatic;
				CURRENT_PROJECT_VERSION = 1;
				DEVELOPMENT_TEAM = X869YCKBY8;
				GENERATE_INFOPLIST_FILE = YES;
				MACOSX_DEPLOYMENT_TARGET = 26.1;
				MARKETING_VERSION = 1.0;
				PRODUCT_BUNDLE_IDENTIFIER = "com.alec-saunders.SortAnimationTests";
				PRODUCT_NAME = "$(TARGET_NAME)";
				STRING_CATALOG_GENERATE_SYMBOLS = NO;
				SWIFT_APPROACHABLE_CONCURRENCY = YES;
				SWIFT_EMIT_LOC_STRINGS = NO;
				SWIFT_UPCOMING_FEATURE_MEMBER_IMPORT_VISIBILITY = YES;
				SWIFT_VERSION = 5.0;
				TEST_HOST = "$(BUILT_PRODUCTS_DIR)/Sort Visualizer.app/$(BUNDLE_EXECUTABLE_FOLDER_PATH)/Sort Visualizer";
			};
			name = Release;
		};
		D1215A352F1C5F6300E3A97F /* Debug */ = {
			isa = XCBuildConfiguration;
			buildSettings = {
				CODE_SIGN_STYLE = Automatic;
				CURRENT_PROJECT_VERSION = 1;
				DEVELOPMENT_TEAM = X869YCKBY8;
				GENERATE_INFOPLIST_FILE = YES;
				MARKETING_VERSION = 1.0;
				PRODUCT_BUNDLE_IDENTIFIER = "com.alec-saunders.SortAnimationUITests";
				PRODUCT_NAME = "$(TARGET_NAME)";
				STRING_CATALOG_GENERATE_SYMBOLS = NO;
				SWIFT_APPROACHABLE_CONCURRENCY = YES;
				SWIFT_EMIT_LOC_STRINGS = NO;
				SWIFT_UPCOMING_FEATURE_MEMBER_IMPORT_VISIBILITY = YES;
				SWIFT_VERSION = 5.0;
				TEST_TARGET_NAME = SortAnimation;
			};
			name = Debug;
		};
		D1215A362F1C5F6300E3A97F /* Release */ = {
			isa = XCBuildConfiguration;
			buildSettings = {
				CODE_SIGN_STYLE = Automatic;
				CURRENT_PROJECT_VERSION = 1;
				DEVELOPMENT_TEAM = X869YCKBY8;
				GENERATE_INFOPLIST_FILE = YES;
				MARKETING_VERSION = 1.0;
				PRODUCT_BUNDLE_IDENTIFIER = "com.alec-saunders.SortAnimationUITests";
				PRODUCT_NAME = "$(TARGET_NAME)";
				STRING_CATALOG_GENERATE_SYMBOLS = NO;
				SWIFT_APPROACHABLE_CONCURRENCY = YES;
				SWIFT_EMIT_LOC_STRINGS = NO;
				SWIFT_UPCOMING_FEATURE_MEMBER_IMPORT_VISIBILITY = YES;
				SWIFT_VERSION = 5.0;
				TEST_TARGET_NAME = SortAnimation;
			};
			name = Release;
		};
/* End XCBuildConfiguration section */

/* Begin XCConfigurationList section */
		D1215A082F1C5F6200E3A97F /* Build configuration list for PBXProject "SortAnimation" */ = {
			isa = XCConfigurationList;
			buildConfigurations = (
				D1215A2C2F1C5F6300E3A97F /* Debug */,
				D1215A2D2F1C5F6300E3A97F /* Release */,
			);
			defaultConfigurationIsVisible = 0;
			defaultConfigurationName = Release;
		};
		D1215A2E2F1C5F6300E3A97F /* Build configuration list for PBXNativeTarget "SortAnimation" */ = {
			isa = XCConfigurationList;
			buildConfigurations = (
				D1215A2F2F1C5F6300E3A97F /* Debug */,
				D1215A302F1C5F6300E3A97F /* Release */,
			);
			defaultConfigurationIsVisible = 0;
			defaultConfigurationName = Release;
		};
		D1215A312F1C5F6300E3A97F /* Build configuration list for PBXNativeTarget "SortAnimationTests" */ = {
			isa = XCConfigurationList;
			buildConfigurations = (
				D1215A322F1C5F6300E3A97F /* Debug */,
				D1215A332F1C5F6300E3A97F /* Release */,
			);
			defaultConfigurationIsVisible = 0;
			defaultConfigurationName = Release;
		};
		D1215A342F1C5F6300E3A97F /* Build configuration list for PBXNativeTarget "SortAnimationUITests" */ = {
			isa = XCConfigurationList;
			buildConfigurations = (
				D1215A352F1C5F6300E3A97F /* Debug */,
				D1215A362F1C5F6300E3A97F /* Release */,
			);
			defaultConfigurationIsVisible = 0;
			defaultConfigurationName = Release;
		};
/* End XCConfigurationList section */
	};
	rootObject = D1215A052F1C5F6200E3A97F /* Project object */;
}
